
Microsoft Visual Studio Solution File, Format Version 12.00
# Visual Studio Version 17
VisualStudioVersion = 17.7.34031.279
MinimumVisualStudioVersion = 10.0.40219.1
Project("{2150E333-8FDC-42A3-9474-1A3956D46DE8}") = "Task0", "Task0", "{B8091512-0C5D-463B-AFF2-8CBA81A2CAAB}"
EndProject
Project("{2150E333-8FDC-42A3-9474-1A3956D46DE8}") = "Task1", "Task1", "{521E6234-DAFA-497E-9EAE-652ED23A9532}"
EndProject
Project("{2150E333-8FDC-42A3-9474-1A3956D46DE8}") = "Task2", "Task2", "{B7E8737A-A832-41B8-8FA8-1C01E38F8F73}"
EndProject
Project("{2150E333-8FDC-42A3-9474-1A3956D46DE8}") = "Task3", "Task3", "{140FCE50-A380-4EB4-BC16-E02480EDAE24}"
EndProject
Project("{2150E333-8FDC-42A3-9474-1A3956D46DE8}") = "Task4", "Task4", "{ED9AC11D-E858-4A06-B7C6-07EE2A494940}"
EndProject
Project("{2150E333-8FDC-42A3-9474-1A3956D46DE8}") = "Task5", "Task5", "{3A2E40AD-D9FF-4A36-BE82-4296EBE10EE8}"
EndProject
Project("{2150E333-8FDC-42A3-9474-1A3956D46DE8}") = "Task6", "Task6", "{9B0D7DB2-D582-4597-A84E-D2D2A74E3500}"
EndProject
Project("{2150E333-8FDC-42A3-9474-1A3956D46DE8}") = "Task7", "Task7", "{145E758E-955D-478C-A8A5-D4FE1C46B185}"
EndProject
Project("{FAE04EC0-301F-11D3-BF4B-00C04F79EFBC}") = "Tyuiu.ShayahmetovRR.Sprint2.Task0.V3", "Tyuiu.ShayahmetovRR.Sprint2.Task0.V3\Tyuiu.ShayahmetovRR.Sprint2.Task0.V3.csproj", "{3BE91A1B-1231-47B9-A06C-B9FB2090B73D}"
EndProject
Project("{FAE04EC0-301F-11D3-BF4B-00C04F79EFBC}") = "Tyuiu.ShayahmetovRR.Sprint2.Task0.V3.Lib", "Tyuiu.ShayahmetovRR.Sprint2.Task0.V3.Lib\Tyuiu.ShayahmetovRR.Sprint2.Task0.V3.Lib.csproj", "{985D7C2D-7596-4E28-8AD8-81CA18FB09AD}"
EndProject
Project("{FAE04EC0-301F-11D3-BF4B-00C04F79EFBC}") = "Tyuiu.ShayahmetovRR.Sprint2.Task0.V3.Test", "Tyuiu.ShayahmetovRR.Sprint2.Task0.V3.Test\Tyuiu.ShayahmetovRR.Sprint2.Task0.V3.Test.csproj", "{14CC8A40-A910-42A0-8FC3-1CC2B7BCC881}"
EndProject
Project("{FAE04EC0-301F-11D3-BF4B-00C04F79EFBC}") = "Tyuiu.ShayahmetovRR.Sprint2.Task1.V5", "Tyuiu.ShayahmetovRR.Sprint2.Task1.V5\Tyuiu.ShayahmetovRR.Sprint2.Task1.V5.csproj", "{720FC715-41FE-4308-BE5A-12909751CEF6}"
EndProject
Project("{FAE04EC0-301F-11D3-BF4B-00C04F79EFBC}") = "Tyuiu.ShayahmetovRR.Sprint2.Task1.V5.Lib", "Tyuiu.ShayahmetovRR.Sprint2.Task1.V5.Lib\Tyuiu.ShayahmetovRR.Sprint2.Task1.V5.Lib.csproj", "{120A5A55-02B3-481A-A7EE-532AEAF83FFE}"
EndProject
Project("{FAE04EC0-301F-11D3-BF4B-00C04F79EFBC}") = "Tyuiu.ShayahmetovRR.Sprint2.Task1.V5.Test", "Tyuiu.ShayahmetovRR.Sprint2.Task1.V5.Test\Tyuiu.ShayahmetovRR.Sprint2.Task1.V5.Test.csproj", "{BE215230-7B85-4157-902B-25FE306261EB}"
EndProject
Project("{FAE04EC0-301F-11D3-BF4B-00C04F79EFBC}") = "Tyuiu.ShayahmetovRR.Sprint2.Task2.V6", "Tyuiu.ShayahmetovRR.Sprint2.Task2.V6\Tyuiu.ShayahmetovRR.Sprint2.Task2.V6.csproj", "{88281F84-5441-4AFA-A248-D61586A0DB4A}"
EndProject
Project("{FAE04EC0-301F-11D3-BF4B-00C04F79EFBC}") = "Tyuiu.ShayahmetovRR.Sprint2.Task2.V6.Lib", "Tyuiu.ShayahmetovRR.Sprint2.Task2.V6.Lib\Tyuiu.ShayahmetovRR.Sprint2.Task2.V6.Lib.csproj", "{0DC88AE8-CFCB-491D-A4E5-EAEDBE722A38}"
EndProject
Project("{FAE04EC0-301F-11D3-BF4B-00C04F79EFBC}") = "Tyuiu.ShayahmetovRR.Sprint2.Task2.V6.Test", "Tyuiu.ShayahmetovRR.Sprint2.Task2.V6.Test\Tyuiu.ShayahmetovRR.Sprint2.Task2.V6.Test.csproj", "{BE2ED25C-1E23-4A75-81A2-03FE3A951E57}"
EndProject
Project("{FAE04EC0-301F-11D3-BF4B-00C04F79EFBC}") = "Tyuiu.ShayahmetovRR.Sprint2.Task3.V13", "Tyuiu.ShayahmetovRR.Sprint2.Task3.V13\Tyuiu.ShayahmetovRR.Sprint2.Task3.V13.csproj", "{1580ED0E-015D-41E9-B395-0E7B2542EE5C}"
EndProject
Project("{FAE04EC0-301F-11D3-BF4B-00C04F79EFBC}") = "Tyuiu.ShayahmetovRR.Sprint2.Task3.V13.Lib", "Tyuiu.ShayahmetovRR.Sprint2.Task3.V13.Lib\Tyuiu.ShayahmetovRR.Sprint2.Task3.V13.Lib.csproj", "{244BC59F-5D20-4BF0-A592-5496BCB0487F}"
EndProject
Project("{FAE04EC0-301F-11D3-BF4B-00C04F79EFBC}") = "Tyuiu.ShayahmetovRR.Sprint2.Task3.V13.Test", "Tyuiu.ShayahmetovRR.Sprint2.Task3.V13.Test\Tyuiu.ShayahmetovRR.Sprint2.Task3.V13.Test.csproj", "{E5BC32F9-7721-4A49-85BD-385EDF000978}"
EndProject
Project("{FAE04EC0-301F-11D3-BF4B-00C04F79EFBC}") = "Tyuiu.ShayahmetovRR.Sprint2.Task4.V9", "Tyuiu.ShayahmetovRR.Sprint2.Task4.V9\Tyuiu.ShayahmetovRR.Sprint2.Task4.V9.csproj", "{CD0D3B9E-C224-4DCB-806E-B9C4F8A05DF2}"
EndProject
Project("{FAE04EC0-301F-11D3-BF4B-00C04F79EFBC}") = "Tyuiu.ShayahmetovRR.Sprint2.Task4.V9.Lib", "Tyuiu.ShayahmetovRR.Sprint2.Task4.V9.Lib\Tyuiu.ShayahmetovRR.Sprint2.Task4.V9.Lib.csproj", "{573B6C67-BCD5-4AD6-94DF-E0E74A1B23D0}"
EndProject
Project("{FAE04EC0-301F-11D3-BF4B-00C04F79EFBC}") = "Tyuiu.ShayahmetovRR.Sprint2.Task4.V9.Test", "Tyuiu.ShayahmetovRR.Sprint2.Task4.V9.Test\Tyuiu.ShayahmetovRR.Sprint2.Task4.V9.Test.csproj", "{34B82517-8F5C-412B-A31E-F21360FB0927}"
EndProject
Project("{FAE04EC0-301F-11D3-BF4B-00C04F79EFBC}") = "Tyuiu.ShayahmetovRR.Sprint2.Task5.V3", "Tyuiu.ShayahmetovRR.Sprint2.Task5.V3\Tyuiu.ShayahmetovRR.Sprint2.Task5.V3.csproj", "{4BACA307-660C-4B47-983D-CB645A50BFE8}"
EndProject
Project("{FAE04EC0-301F-11D3-BF4B-00C04F79EFBC}") = "Tyuiu.ShayahmetovRR.Sprint2.Task5.V3.Lib", "Tyuiu.ShayahmetovRR.Sprint2.Task5.V3.Lib\Tyuiu.ShayahmetovRR.Sprint2.Task5.V3.Lib.csproj", "{87965805-D93E-4486-942E-454EE89CDAB2}"
EndProject
Project("{FAE04EC0-301F-11D3-BF4B-00C04F79EFBC}") = "Tyuiu.ShayahmetovRR.Sprint2.Task5.V3.Test", "Tyuiu.ShayahmetovRR.Sprint2.Task5.V3.Test\Tyuiu.ShayahmetovRR.Sprint2.Task5.V3.Test.csproj", "{53993132-1D25-43F9-B223-62A0DAA9721B}"
EndProject
Project("{FAE04EC0-301F-11D3-BF4B-00C04F79EFBC}") = "Tyuiu.ShayahmetovRR.Sprint2.Task6.V14", "Tyuiu.ShayahmetovRR.Sprint3.Task6.V14\Tyuiu.ShayahmetovRR.Sprint2.Task6.V14.csproj", "{58341C55-F6A2-431E-8BC7-8FFEAFDECB5F}"
EndProject
Project("{FAE04EC0-301F-11D3-BF4B-00C04F79EFBC}") = "Tyuiu.ShayahmetovRR.Sprint2.Task6.V14.Lib", "Tyuiu.ShayahmetovRR.Sprint3.Task6.V14.Lib\Tyuiu.ShayahmetovRR.Sprint2.Task6.V14.Lib.csproj", "{2E28E84E-8ECE-48DF-A273-24027E264397}"
EndProject
Project("{FAE04EC0-301F-11D3-BF4B-00C04F79EFBC}") = "Tyuiu.ShayahmetovRR.Sprint2.Task6.V14.Test", "Tyuiu.ShayahmetovRR.Sprint3.Task6.V14.Test\Tyuiu.ShayahmetovRR.Sprint2.Task6.V14.Test.csproj", "{F9F9F016-D704-4CA1-BB90-55D3BBB18E4C}"
EndProject
Project("{FAE04EC0-301F-11D3-BF4B-00C04F79EFBC}") = "Tyuiu.ShayahmetovRR.Sprint2.Task7.V13", "Tyuiu.ShayahmetovRR.Sprint2.Task7.V13\Tyuiu.ShayahmetovRR.Sprint2.Task7.V13.csproj", "{EDBCB390-E3C5-4770-8D34-E780F921E632}"
EndProject
Project("{FAE04EC0-301F-11D3-BF4B-00C04F79EFBC}") = "Tyuiu.ShayahmetovRR.Sprint2.Task7.V13.Lib", "Tyuiu.ShayahmetovRR.Sprint2.Task7.V13.Lib\Tyuiu.ShayahmetovRR.Sprint2.Task7.V13.Lib.csproj", "{680BF622-6AD9-4C67-ADCC-DA6D72775AC9}"
EndProject
Project("{FAE04EC0-301F-11D3-BF4B-00C04F79EFBC}") = "Tyuiu.ShayahmetovRR.Sprint2.Task7.V13.Test", "Tyuiu.ShayahmetovRR.Sprint2.Task7.V13.Test\Tyuiu.ShayahmetovRR.Sprint2.Task7.V13.Test.csproj", "{6B4A4C16-7D01-4968-8A20-52AF65127B4F}"
EndProject
Global
	GlobalSection(SolutionConfigurationPlatforms) = preSolution
		Debug|Any CPU = Debug|Any CPU
		Release|Any CPU = Release|Any CPU
	EndGlobalSection
	GlobalSection(ProjectConfigurationPlatforms) = postSolution
		{3BE91A1B-1231-47B9-A06C-B9FB2090B73D}.Debug|Any CPU.ActiveCfg = Debug|Any CPU
		{3BE91A1B-1231-47B9-A06C-B9FB2090B73D}.Debug|Any CPU.Build.0 = Debug|Any CPU
		{3BE91A1B-1231-47B9-A06C-B9FB2090B73D}.Release|Any CPU.ActiveCfg = Release|Any CPU
		{3BE91A1B-1231-47B9-A06C-B9FB2090B73D}.Release|Any CPU.Build.0 = Release|Any CPU
		{985D7C2D-7596-4E28-8AD8-81CA18FB09AD}.Debug|Any CPU.ActiveCfg = Debug|Any CPU
		{985D7C2D-7596-4E28-8AD8-81CA18FB09AD}.Debug|Any CPU.Build.0 = Debug|Any CPU
		{985D7C2D-7596-4E28-8AD8-81CA18FB09AD}.Release|Any CPU.ActiveCfg = Release|Any CPU
		{985D7C2D-7596-4E28-8AD8-81CA18FB09AD}.Release|Any CPU.Build.0 = Release|Any CPU
		{14CC8A40-A910-42A0-8FC3-1CC2B7BCC881}.Debug|Any CPU.ActiveCfg = Debug|Any CPU
		{14CC8A40-A910-42A0-8FC3-1CC2B7BCC881}.Debug|Any CPU.Build.0 = Debug|Any CPU
		{14CC8A40-A910-42A0-8FC3-1CC2B7BCC881}.Release|Any CPU.ActiveCfg = Release|Any CPU
		{14CC8A40-A910-42A0-8FC3-1CC2B7BCC881}.Release|Any CPU.Build.0 = Release|Any CPU
		{720FC715-41FE-4308-BE5A-12909751CEF6}.Debug|Any CPU.ActiveCfg = Debug|Any CPU
		{720FC715-41FE-4308-BE5A-12909751CEF6}.Debug|Any CPU.Build.0 = Debug|Any CPU
		{720FC715-41FE-4308-BE5A-12909751CEF6}.Release|Any CPU.ActiveCfg = Release|Any CPU
		{720FC715-41FE-4308-BE5A-12909751CEF6}.Release|Any CPU.Build.0 = Release|Any CPU
		{120A5A55-02B3-481A-A7EE-532AEAF83FFE}.Debug|Any CPU.ActiveCfg = Debug|Any CPU
		{120A5A55-02B3-481A-A7EE-532AEAF83FFE}.Debug|Any CPU.Build.0 = Debug|Any CPU
		{120A5A55-02B3-481A-A7EE-532AEAF83FFE}.Release|Any CPU.ActiveCfg = Release|Any CPU
		{120A5A55-02B3-481A-A7EE-532AEAF83FFE}.Release|Any CPU.Build.0 = Release|Any CPU
		{BE215230-7B85-4157-902B-25FE306261EB}.Debug|Any CPU.ActiveCfg = Debug|Any CPU
		{BE215230-7B85-4157-902B-25FE306261EB}.Debug|Any CPU.Build.0 = Debug|Any CPU
		{BE215230-7B85-4157-902B-25FE306261EB}.Release|Any CPU.ActiveCfg = Release|Any CPU
		{BE215230-7B85-4157-902B-25FE306261EB}.Release|Any CPU.Build.0 = Release|Any CPU
		{88281F84-5441-4AFA-A248-D61586A0DB4A}.Debug|Any CPU.ActiveCfg = Debug|Any CPU
		{88281F84-5441-4AFA-A248-D61586A0DB4A}.Debug|Any CPU.Build.0 = Debug|Any CPU
		{88281F84-5441-4AFA-A248-D61586A0DB4A}.Release|Any CPU.ActiveCfg = Release|Any CPU
		{88281F84-5441-4AFA-A248-D61586A0DB4A}.Release|Any CPU.Build.0 = Release|Any CPU
		{0DC88AE8-CFCB-491D-A4E5-EAEDBE722A38}.Debug|Any CPU.ActiveCfg = Debug|Any CPU
		{0DC88AE8-CFCB-491D-A4E5-EAEDBE722A38}.Debug|Any CPU.Build.0 = Debug|Any CPU
		{0DC88AE8-CFCB-491D-A4E5-EAEDBE722A38}.Release|Any CPU.ActiveCfg = Release|Any CPU
		{0DC88AE8-CFCB-491D-A4E5-EAEDBE722A38}.Release|Any CPU.Build.0 = Release|Any CPU
		{BE2ED25C-1E23-4A75-81A2-03FE3A951E57}.Debug|Any CPU.ActiveCfg = Debug|Any CPU
		{BE2ED25C-1E23-4A75-81A2-03FE3A951E57}.Debug|Any CPU.Build.0 = Debug|Any CPU
		{BE2ED25C-1E23-4A75-81A2-03FE3A951E57}.Release|Any CPU.ActiveCfg = Release|Any CPU
		{BE2ED25C-1E23-4A75-81A2-03FE3A951E57}.Release|Any CPU.Build.0 = Release|Any CPU
		{1580ED0E-015D-41E9-B395-0E7B2542EE5C}.Debug|Any CPU.ActiveCfg = Debug|Any CPU
		{1580ED0E-015D-41E9-B395-0E7B2542EE5C}.Debug|Any CPU.Build.0 = Debug|Any CPU
		{1580ED0E-015D-41E9-B395-0E7B2542EE5C}.Release|Any CPU.ActiveCfg = Release|Any CPU
		{1580ED0E-015D-41E9-B395-0E7B2542EE5C}.Release|Any CPU.Build.0 = Release|Any CPU
		{244BC59F-5D20-4BF0-A592-5496BCB0487F}.Debug|Any CPU.ActiveCfg = Debug|Any CPU
		{244BC59F-5D20-4BF0-A592-5496BCB0487F}.Debug|Any CPU.Build.0 = Debug|Any CPU
		{244BC59F-5D20-4BF0-A592-5496BCB0487F}.Release|Any CPU.ActiveCfg = Release|Any CPU
		{244BC59F-5D20-4BF0-A592-5496BCB0487F}.Release|Any CPU.Build.0 = Release|Any CPU
		{E5BC32F9-7721-4A49-85BD-385EDF000978}.Debug|Any CPU.ActiveCfg = Debug|Any CPU
		{E5BC32F9-7721-4A49-85BD-385EDF000978}.Debug|Any CPU.Build.0 = Debug|Any CPU
		{E5BC32F9-7721-4A49-85BD-385EDF000978}.Release|Any CPU.ActiveCfg = Release|Any CPU
		{E5BC32F9-7721-4A49-85BD-385EDF000978}.Release|Any CPU.Build.0 = Release|Any CPU
		{CD0D3B9E-C224-4DCB-806E-B9C4F8A05DF2}.Debug|Any CPU.ActiveCfg = Debug|Any CPU
		{CD0D3B9E-C224-4DCB-806E-B9C4F8A05DF2}.Debug|Any CPU.Build.0 = Debug|Any CPU
		{CD0D3B9E-C224-4DCB-806E-B9C4F8A05DF2}.Release|Any CPU.ActiveCfg = Release|Any CPU
		{CD0D3B9E-C224-4DCB-806E-B9C4F8A05DF2}.Release|Any CPU.Build.0 = Release|Any CPU
		{573B6C67-BCD5-4AD6-94DF-E0E74A1B23D0}.Debug|Any CPU.ActiveCfg = Debug|Any CPU
		{573B6C67-BCD5-4AD6-94DF-E0E74A1B23D0}.Debug|Any CPU.Build.0 = Debug|Any CPU
		{573B6C67-BCD5-4AD6-94DF-E0E74A1B23D0}.Release|Any CPU.ActiveCfg = Release|Any CPU
		{573B6C67-BCD5-4AD6-94DF-E0E74A1B23D0}.Release|Any CPU.Build.0 = Release|Any CPU
		{34B82517-8F5C-412B-A31E-F21360FB0927}.Debug|Any CPU.ActiveCfg = Debug|Any CPU
		{34B82517-8F5C-412B-A31E-F21360FB0927}.Debug|Any CPU.Build.0 = Debug|Any CPU
		{34B82517-8F5C-412B-A31E-F21360FB0927}.Release|Any CPU.ActiveCfg = Release|Any CPU
		{34B82517-8F5C-412B-A31E-F21360FB0927}.Release|Any CPU.Build.0 = Release|Any CPU
		{4BACA307-660C-4B47-983D-CB645A50BFE8}.Debug|Any CPU.ActiveCfg = Debug|Any CPU
		{4BACA307-660C-4B47-983D-CB645A50BFE8}.Debug|Any CPU.Build.0 = Debug|Any CPU
		{4BACA307-660C-4B47-983D-CB645A50BFE8}.Release|Any CPU.ActiveCfg = Release|Any CPU
		{4BACA307-660C-4B47-983D-CB645A50BFE8}.Release|Any CPU.Build.0 = Release|Any CPU
		{87965805-D93E-4486-942E-454EE89CDAB2}.Debug|Any CPU.ActiveCfg = Debug|Any CPU
		{87965805-D93E-4486-942E-454EE89CDAB2}.Debug|Any CPU.Build.0 = Debug|Any CPU
		{87965805-D93E-4486-942E-454EE89CDAB2}.Release|Any CPU.ActiveCfg = Release|Any CPU
		{87965805-D93E-4486-942E-454EE89CDAB2}.Release|Any CPU.Build.0 = Release|Any CPU
		{53993132-1D25-43F9-B223-62A0DAA9721B}.Debug|Any CPU.ActiveCfg = Debug|Any CPU
		{53993132-1D25-43F9-B223-62A0DAA9721B}.Debug|Any CPU.Build.0 = Debug|Any CPU
		{53993132-1D25-43F9-B223-62A0DAA9721B}.Release|Any CPU.ActiveCfg = Release|Any CPU
		{53993132-1D25-43F9-B223-62A0DAA9721B}.Release|Any CPU.Build.0 = Release|Any CPU
		{58341C55-F6A2-431E-8BC7-8FFEAFDECB5F}.Debug|Any CPU.ActiveCfg = Debug|Any CPU
		{58341C55-F6A2-431E-8BC7-8FFEAFDECB5F}.Debug|Any CPU.Build.0 = Debug|Any CPU
		{58341C55-F6A2-431E-8BC7-8FFEAFDECB5F}.Release|Any CPU.ActiveCfg = Release|Any CPU
		{58341C55-F6A2-431E-8BC7-8FFEAFDECB5F}.Release|Any CPU.Build.0 = Release|Any CPU
		{2E28E84E-8ECE-48DF-A273-24027E264397}.Debug|Any CPU.ActiveCfg = Debug|Any CPU
		{2E28E84E-8ECE-48DF-A273-24027E264397}.Debug|Any CPU.Build.0 = Debug|Any CPU
		{2E28E84E-8ECE-48DF-A273-24027E264397}.Release|Any CPU.ActiveCfg = Release|Any CPU
		{2E28E84E-8ECE-48DF-A273-24027E264397}.Release|Any CPU.Build.0 = Release|Any CPU
		{F9F9F016-D704-4CA1-BB90-55D3BBB18E4C}.Debug|Any CPU.ActiveCfg = Debug|Any CPU
		{F9F9F016-D704-4CA1-BB90-55D3BBB18E4C}.Debug|Any CPU.Build.0 = Debug|Any CPU
		{F9F9F016-D704-4CA1-BB90-55D3BBB18E4C}.Release|Any CPU.ActiveCfg = Release|Any CPU
		{F9F9F016-D704-4CA1-BB90-55D3BBB18E4C}.Release|Any CPU.Build.0 = Release|Any CPU
		{EDBCB390-E3C5-4770-8D34-E780F921E632}.Debug|Any CPU.ActiveCfg = Debug|Any CPU
		{EDBCB390-E3C5-4770-8D34-E780F921E632}.Debug|Any CPU.Build.0 = Debug|Any CPU
		{EDBCB390-E3C5-4770-8D34-E780F921E632}.Release|Any CPU.ActiveCfg = Release|Any CPU
		{EDBCB390-E3C5-4770-8D34-E780F921E632}.Release|Any CPU.Build.0 = Release|Any CPU
		{680BF622-6AD9-4C67-ADCC-DA6D72775AC9}.Debug|Any CPU.ActiveCfg = Debug|Any CPU
		{680BF622-6AD9-4C67-ADCC-DA6D72775AC9}.Debug|Any CPU.Build.0 = Debug|Any CPU
		{680BF622-6AD9-4C67-ADCC-DA6D72775AC9}.Release|Any CPU.ActiveCfg = Release|Any CPU
		{680BF622-6AD9-4C67-ADCC-DA6D72775AC9}.Release|Any CPU.Build.0 = Release|Any CPU
		{6B4A4C16-7D01-4968-8A20-52AF65127B4F}.Debug|Any CPU.ActiveCfg = Debug|Any CPU
		{6B4A4C16-7D01-4968-8A20-52AF65127B4F}.Debug|Any CPU.Build.0 = Debug|Any CPU
		{6B4A4C16-7D01-4968-8A20-52AF65127B4F}.Release|Any CPU.ActiveCfg = Release|Any CPU
		{6B4A4C16-7D01-4968-8A20-52AF65127B4F}.Release|Any CPU.Build.0 = Release|Any CPU
	EndGlobalSection
	GlobalSection(SolutionProperties) = preSolution
		HideSolutionNode = FALSE
	EndGlobalSection
	GlobalSection(NestedProjects) = preSolution
		{3BE91A1B-1231-47B9-A06C-B9FB2090B73D} = {B8091512-0C5D-463B-AFF2-8CBA81A2CAAB}
		{985D7C2D-7596-4E28-8AD8-81CA18FB09AD} = {B8091512-0C5D-463B-AFF2-8CBA81A2CAAB}
		{14CC8A40-A910-42A0-8FC3-1CC2B7BCC881} = {B8091512-0C5D-463B-AFF2-8CBA81A2CAAB}
		{720FC715-41FE-4308-BE5A-12909751CEF6} = {521E6234-DAFA-497E-9EAE-652ED23A9532}
		{120A5A55-02B3-481A-A7EE-532AEAF83FFE} = {521E6234-DAFA-497E-9EAE-652ED23A9532}
		{BE215230-7B85-4157-902B-25FE306261EB} = {521E6234-DAFA-497E-9EAE-652ED23A9532}
		{88281F84-5441-4AFA-A248-D61586A0DB4A} = {B7E8737A-A832-41B8-8FA8-1C01E38F8F73}
		{0DC88AE8-CFCB-491D-A4E5-EAEDBE722A38} = {B7E8737A-A832-41B8-8FA8-1C01E38F8F73}
		{BE2ED25C-1E23-4A75-81A2-03FE3A951E57} = {B7E8737A-A832-41B8-8FA8-1C01E38F8F73}
		{1580ED0E-015D-41E9-B395-0E7B2542EE5C} = {140FCE50-A380-4EB4-BC16-E02480EDAE24}
		{244BC59F-5D20-4BF0-A592-5496BCB0487F} = {140FCE50-A380-4EB4-BC16-E02480EDAE24}
		{E5BC32F9-7721-4A49-85BD-385EDF000978} = {140FCE50-A380-4EB4-BC16-E02480EDAE24}
		{CD0D3B9E-C224-4DCB-806E-B9C4F8A05DF2} = {ED9AC11D-E858-4A06-B7C6-07EE2A494940}
		{573B6C67-BCD5-4AD6-94DF-E0E74A1B23D0} = {ED9AC11D-E858-4A06-B7C6-07EE2A494940}
		{34B82517-8F5C-412B-A31E-F21360FB0927} = {ED9AC11D-E858-4A06-B7C6-07EE2A494940}
		{4BACA307-660C-4B47-983D-CB645A50BFE8} = {3A2E40AD-D9FF-4A36-BE82-4296EBE10EE8}
		{87965805-D93E-4486-942E-454EE89CDAB2} = {3A2E40AD-D9FF-4A36-BE82-4296EBE10EE8}
		{53993132-1D25-43F9-B223-62A0DAA9721B} = {3A2E40AD-D9FF-4A36-BE82-4296EBE10EE8}
		{58341C55-F6A2-431E-8BC7-8FFEAFDECB5F} = {9B0D7DB2-D582-4597-A84E-D2D2A74E3500}
		{2E28E84E-8ECE-48DF-A273-24027E264397} = {9B0D7DB2-D582-4597-A84E-D2D2A74E3500}
		{F9F9F016-D704-4CA1-BB90-55D3BBB18E4C} = {9B0D7DB2-D582-4597-A84E-D2D2A74E3500}
		{EDBCB390-E3C5-4770-8D34-E780F921E632} = {145E758E-955D-478C-A8A5-D4FE1C46B185}
		{680BF622-6AD9-4C67-ADCC-DA6D72775AC9} = {145E758E-955D-478C-A8A5-D4FE1C46B185}
		{6B4A4C16-7D01-4968-8A20-52AF65127B4F} = {145E758E-955D-478C-A8A5-D4FE1C46B185}
	EndGlobalSection
	GlobalSection(ExtensibilityGlobals) = postSolution
		SolutionGuid = {46511992-8E0C-47EE-BABF-C96203B587C6}
	EndGlobalSection
EndGlobal
